
Microsoft Visual Studio Solution File, Format Version 12.00
# Visual Studio Version 17
VisualStudioVersion = 17.12.35707.178 d17.12
MinimumVisualStudioVersion = 10.0.40219.1
Project("{FAE04EC0-301F-11D3-BF4B-00C04F79EFBC}") = "Millennium.Api", "Millennium.Api\Millennium.Api.csproj", "{9FA51449-FC01-420F-99B6-8E5DD02C40D9}"
EndProject
Project("{FAE04EC0-301F-11D3-BF4B-00C04F79EFBC}") = "Millennium.UnitTests", "Millennium.UnitTests\Millennium.UnitTests.csproj", "{AA6D6043-E9A6-45E8-830B-CE20A60CF55D}"
EndProject
Global
	GlobalSection(SolutionConfigurationPlatforms) = preSolution
		Debug|Any CPU = Debug|Any CPU
		Release|Any CPU = Release|Any CPU
	EndGlobalSection
	GlobalSection(ProjectConfigurationPlatforms) = postSolution
		{9FA51449-FC01-420F-99B6-8E5DD02C40D9}.Debug|Any CPU.ActiveCfg = Debug|Any CPU
		{9FA51449-FC01-420F-99B6-8E5DD02C40D9}.Debug|Any CPU.Build.0 = Debug|Any CPU
		{9FA51449-FC01-420F-99B6-8E5DD02C40D9}.Release|Any CPU.ActiveCfg = Release|Any CPU
		{9FA51449-FC01-420F-99B6-8E5DD02C40D9}.Release|Any CPU.Build.0 = Release|Any CPU
		{AA6D6043-E9A6-45E8-830B-CE20A60CF55D}.Debug|Any CPU.ActiveCfg = Debug|Any CPU
		{AA6D6043-E9A6-45E8-830B-CE20A60CF55D}.Debug|Any CPU.Build.0 = Debug|Any CPU
		{AA6D6043-E9A6-45E8-830B-CE20A60CF55D}.Release|Any CPU.ActiveCfg = Release|Any CPU
		{AA6D6043-E9A6-45E8-830B-CE20A60CF55D}.Release|Any CPU.Build.0 = Release|Any CPU
	EndGlobalSection
	GlobalSection(SolutionProperties) = preSolution
		HideSolutionNode = FALSE
	EndGlobalSection
EndGlobal
